
Microsoft Visual Studio Solution File, Format Version 12.00
# Visual Studio Version 16
VisualStudioVersion = 16.0.30104.148
MinimumVisualStudioVersion = 10.0.40219.1
Project("{FAE04EC0-301F-11D3-BF4B-00C04F79EFBC}") = "UDPRacer_DotNetCore", "UDPRacer_DotNetCore.csproj", "{0B4F0106-81D7-4EBB-9AD6-6A44B35A17C5}"
EndProject
Global
	GlobalSection(SolutionConfigurationPlatforms) = preSolution
		Debug|Any CPU = Debug|Any CPU
		Release|Any CPU = Release|Any CPU
	EndGlobalSection
	GlobalSection(ProjectConfigurationPlatforms) = postSolution
		{0B4F0106-81D7-4EBB-9AD6-6A44B35A17C5}.Debug|Any CPU.ActiveCfg = Debug|Any CPU
		{0B4F0106-81D7-4EBB-9AD6-6A44B35A17C5}.Debug|Any CPU.Build.0 = Debug|Any CPU
		{0B4F0106-81D7-4EBB-9AD6-6A44B35A17C5}.Release|Any CPU.ActiveCfg = Release|Any CPU
		{0B4F0106-81D7-4EBB-9AD6-6A44B35A17C5}.Release|Any CPU.Build.0 = Release|Any CPU
	EndGlobalSection
	GlobalSection(SolutionProperties) = preSolution
		HideSolutionNode = FALSE
	EndGlobalSection
	GlobalSection(ExtensibilityGlobals) = postSolution
		SolutionGuid = {75D21F27-7A66-4CB0-977E-387A740B67DB}
	EndGlobalSection
EndGlobal
